// !$*UTF8*$!
{
	archiveVersion = 1;
	classes = {
	};
	objectVersion = 50;
	objects = {

/* Begin PBXBuildFile section */
		83E48BED232D4F660057A63D /* AppDelegate.swift in Sources */ = {isa = PBXBuildFile; fileRef = 83E48BEC232D4F660057A63D /* AppDelegate.swift */; };
		83E48BEF232D4F660057A63D /* ViewController.swift in Sources */ = {isa = PBXBuildFile; fileRef = 83E48BEE232D4F660057A63D /* ViewController.swift */; };
		83E48BF2232D4F660057A63D /* Main.storyboard in Resources */ = {isa = PBXBuildFile; fileRef = 83E48BF0232D4F660057A63D /* Main.storyboard */; };
		83E48BF5232D4F660057A63D /* mirge.xcdatamodeld in Sources */ = {isa = PBXBuildFile; fileRef = 83E48BF3232D4F660057A63D /* mirge.xcdatamodeld */; };
		83E48BF7232D4F670057A63D /* Assets.xcassets in Resources */ = {isa = PBXBuildFile; fileRef = 83E48BF6232D4F670057A63D /* Assets.xcassets */; };
		83E48BFA232D4F670057A63D /* LaunchScreen.storyboard in Resources */ = {isa = PBXBuildFile; fileRef = 83E48BF8232D4F670057A63D /* LaunchScreen.storyboard */; };
/* End PBXBuildFile section */

/* Begin PBXFileReference section */
		83E48BE9232D4F660057A63D /* mirge.app */ = {isa = PBXFileReference; explicitFileType = wrapper.application; includeInIndex = 0; path = mirge.app; sourceTree = BUILT_PRODUCTS_DIR; };
		83E48BEC232D4F660057A63D /* AppDelegate.swift */ = {isa = PBXFileReference; lastKnownFileType = sourcecode.swift; path = AppDelegate.swift; sourceTree = "<group>"; };
		83E48BEE232D4F660057A63D /* ViewController.swift */ = {isa = PBXFileReference; lastKnownFileType = sourcecode.swift; path = ViewController.swift; sourceTree = "<group>"; };
		83E48BF1232D4F660057A63D /* Base */ = {isa = PBXFileReference; lastKnownFileType = file.storyboard; name = Base; path = Base.lproj/Main.storyboard; sourceTree = "<group>"; };
		83E48BF4232D4F660057A63D /* mirge.xcdatamodel */ = {isa = PBXFileReference; lastKnownFileType = wrapper.xcdatamodel; path = mirge.xcdatamodel; sourceTree = "<group>"; };
		83E48BF6232D4F670057A63D /* Assets.xcassets */ = {isa = PBXFileReference; lastKnownFileType = folder.assetcatalog; path = Assets.xcassets; sourceTree = "<group>"; };
		83E48BF9232D4F670057A63D /* Base */ = {isa = PBXFileReference; lastKnownFileType = file.storyboard; name = Base; path = Base.lproj/LaunchScreen.storyboard; sourceTree = "<group>"; };
		83E48BFB232D4F670057A63D /* Info.plist */ = {isa = PBXFileReference; lastKnownFileType = text.plist.xml; path = Info.plist; sourceTree = "<group>"; };
/* End PBXFileReference section */

/* Begin PBXFrameworksBuildPhase section */
		83E48BE6232D4F660057A63D /* Frameworks */ = {
			isa = PBXFrameworksBuildPhase;
			buildActionMask = 2147483647;
			files = (
			);
			runOnlyForDeploymentPostprocessing = 0;
		};
/* End PBXFrameworksBuildPhase section */

/* Begin PBXGroup section */
		83E48BE0232D4F660057A63D = {
			isa = PBXGroup;
			children = (
				83E48BEB232D4F660057A63D /* mirge */,
				83E48BEA232D4F660057A63D /* Products */,
			);
			sourceTree = "<group>";
		};
		83E48BEA232D4F660057A63D /* Products */ = {
			isa = PBXGroup;
			children = (
				83E48BE9232D4F660057A63D /* mirge.app */,
			);
			name = Products;
			sourceTree = "<group>";
		};
		83E48BEB232D4F660057A63D /* mirge */ = {
			isa = PBXGroup;
			children = (
				83E48BEC232D4F660057A63D /* AppDelegate.swift */,
				83E48BEE232D4F660057A63D /* ViewController.swift */,
				83E48BF0232D4F660057A63D /* Main.storyboard */,
				83E48BF6232D4F670057A63D /* Assets.xcassets */,
				83E48BF8232D4F670057A63D /* LaunchScreen.storyboard */,
				83E48BFB232D4F670057A63D /* Info.plist */,
				83E48BF3232D4F660057A63D /* mirge.xcdatamodeld */,
			);
			path = mirge;
			sourceTree = "<group>";
		};
/* End PBXGroup section */

/* Begin PBXNativeTarget section */
		83E48BE8232D4F660057A63D /* mirge */ = {
			isa = PBXNativeTarget;
			buildConfigurationList = 83E48BFE232D4F670057A63D /* Build configuration list for PBXNativeTarget "mirge" */;
			buildPhases = (
				83E48BE5232D4F660057A63D /* Sources */,
				83E48BE6232D4F660057A63D /* Frameworks */,
				83E48BE7232D4F660057A63D /* Resources */,
			);
			buildRules = (
			);
			dependencies = (
			);
			name = mirge;
			productName = mirge;
			productReference = 83E48BE9232D4F660057A63D /* mirge.app */;
			productType = "com.apple.product-type.application";
		};
/* End PBXNativeTarget section */

/* Begin PBXProject section */
		83E48BE1232D4F660057A63D /* Project object */ = {
			isa = PBXProject;
			attributes = {
				LastSwiftUpdateCheck = 1030;
				LastUpgradeCheck = 1030;
				ORGANIZATIONNAME = "yousef Omar";
				TargetAttributes = {
					83E48BE8232D4F660057A63D = {
						CreatedOnToolsVersion = 10.3;
					};
				};
			};
			buildConfigurationList = 83E48BE4232D4F660057A63D /* Build configuration list for PBXProject "mirge" */;
			compatibilityVersion = "Xcode 9.3";
			developmentRegion = en;
			hasScannedForEncodings = 0;
			knownRegions = (
				en,
				Base,
			);
			mainGroup = 83E48BE0232D4F660057A63D;
			productRefGroup = 83E48BEA232D4F660057A63D /* Products */;
			projectDirPath = "";
			projectRoot = "";
			targets = (
				83E48BE8232D4F660057A63D /* mirge */,
			);
		};
/* End PBXProject section */

/* Begin PBXResourcesBuildPhase section */
		83E48BE7232D4F660057A63D /* Resources */ = {
			isa = PBXResourcesBuildPhase;
			buildActionMask = 2147483647;
			files = (
				83E48BFA232D4F670057A63D /* LaunchScreen.storyboard in Resources */,
				83E48BF7232D4F670057A63D /* Assets.xcassets in Resources */,
				83E48BF2232D4F660057A63D /* Main.storyboard in Resources */,
			);
			runOnlyForDeploymentPostprocessing = 0;
		};
/* End PBXResourcesBuildPhase section */

/* Begin PBXSourcesBuildPhase section */
		83E48BE5232D4F660057A63D /* Sources */ = {
			isa = PBXSourcesBuildPhase;
			buildActionMask = 2147483647;
			files = (
				83E48BEF232D4F660057A63D /* ViewController.swift in Sources */,
				83E48BF5232D4F660057A63D /* mirge.xcdatamodeld in Sources */,
				83E48BED232D4F660057A63D /* AppDelegate.swift in Sources */,
			);
			runOnlyForDeploymentPostprocessing = 0;
		};
/* End PBXSourcesBuildPhase section */

/* Begin PBXVariantGroup section */
		83E48BF0232D4F660057A63D /* Main.storyboard */ = {
			isa = PBXVariantGroup;
			children = (
				83E48BF1232D4F660057A63D /* Base */,
			);
			name = Main.storyboard;
			sourceTree = "<group>";
		};
		83E48BF8232D4F670057A63D /* LaunchScreen.storyboard */ = {
			isa = PBXVariantGroup;
			children = (
				83E48BF9232D4F670057A63D /* Base */,
			);
			name = LaunchScreen.storyboard;
			sourceTree = "<group>";
		};
/* End PBXVariantGroup section */

/* Begin XCBuildConfiguration section */
		83E48BFC232D4F670057A63D /* Debug */ = {
			isa = XCBuildConfiguration;
			buildSettings = {
				ALWAYS_SEARCH_USER_PATHS = NO;
				CLANG_ANALYZER_NONNULL = YES;
				CLANG_ANALYZER_NUMBER_OBJECT_CONVERSION = YES_AGGRESSIVE;
				CLANG_CXX_LANGUAGE_STANDARD = "gnu++14";
				CLANG_CXX_LIBRARY = "libc++";
				CLANG_ENABLE_MODULES = YES;
				CLANG_ENABLE_OBJC_ARC = YES;
				CLANG_ENABLE_OBJC_WEAK = YES;
				CLANG_WARN_BLOCK_CAPTURE_AUTORELEASING = YES;
				CLANG_WARN_BOOL_CONVERSION = YES;
				CLANG_WARN_COMMA = YES;
				CLANG_WARN_CONSTANT_CONVERSION = YES;
				CLANG_WARN_DEPRECATED_OBJC_IMPLEMENTATIONS = YES;
				CLANG_WARN_DIRECT_OBJC_ISA_USAGE = YES_ERROR;
				CLANG_WARN_DOCUMENTATION_COMMENTS = YES;
				CLANG_WARN_EMPTY_BODY = YES;
				CLANG_WARN_ENUM_CONVERSION = YES;
				CLANG_WARN_INFINITE_RECURSION = YES;
				CLANG_WARN_INT_CONVERSION = YES;
				CLANG_WARN_NON_LITERAL_NULL_CONVERSION = YES;
				CLANG_WARN_OBJC_IMPLICIT_RETAIN_SELF = YES;
				CLANG_WARN_OBJC_LITERAL_CONVERSION = YES;
				CLANG_WARN_OBJC_ROOT_CLASS = YES_ERROR;
				CLANG_WARN_RANGE_LOOP_ANALYSIS = YES;
				CLANG_WARN_STRICT_PROTOTYPES = YES;
				CLANG_WARN_SUSPICIOUS_MOVE = YES;
				CLANG_WARN_UNGUARDED_AVAILABILITY = YES_AGGRESSIVE;
				CLANG_WARN_UNREACHABLE_CODE = YES;
				CLANG_WARN__DUPLICATE_METHOD_MATCH = YES;
				CODE_SIGN_IDENTITY = "iPhone Developer";
				COPY_PHASE_STRIP = NO;
				DEBUG_INFORMATION_FORMAT = dwarf;
				ENABLE_STRICT_OBJC_MSGSEND = YES;
				ENABLE_TESTABILITY = YES;
				GCC_C_LANGUAGE_STANDARD = gnu11;
				GCC_DYNAMIC_NO_PIC = NO;
				GCC_NO_COMMON_BLOCKS = YES;
				GCC_OPTIMIZATION_LEVEL = 0;
				GCC_PREPROCESSOR_DEFINITIONS = (
					"DEBUG=1",
					"$(inherited)",
				);
				GCC_WARN_64_TO_32_BIT_CONVERSION = YES;
				GCC_WARN_ABOUT_RETURN_TYPE = YES_ERROR;
				GCC_WARN_UNDECLARED_SELECTOR = YES;
				GCC_WARN_UNINITIALIZED_AUTOS = YES_AGGRESSIVE;
				GCC_WARN_UNUSED_FUNCTION = YES;
				GCC_WARN_UNUSED_VARIABLE = YES;
				IPHONEOS_DEPLOYMENT_TARGET = 12.4;
				MTL_ENABLE_DEBUG_INFO = INCLUDE_SOURCE;
				MTL_FAST_MATH = YES;
				ONLY_ACTIVE_ARCH = YES;
				SDKROOT = iphoneos;
				SWIFT_ACTIVE_COMPILATION_CONDITIONS = DEBUG;
				SWIFT_OPTIMIZATION_LEVEL = "-Onone";
			};
			name = Debug;
		};
		83E48BFD232D4F670057A63D /* Release */ = {
			isa = XCBuildConfiguration;
			buildSettings = {
				ALWAYS_SEARCH_USER_PATHS = NO;
				CLANG_ANALYZER_NONNULL = YES;
				CLANG_ANALYZER_NUMBER_OBJECT_CONVERSION = YES_AGGRESSIVE;
				CLANG_CXX_LANGUAGE_STANDARD = "gnu++14";
				CLANG_CXX_LIBRARY = "libc++";
				CLANG_ENABLE_MODULES = YES;
				CLANG_ENABLE_OBJC_ARC = YES;
				CLANG_ENABLE_OBJC_WEAK = YES;
				CLANG_WARN_BLOCK_CAPTURE_AUTORELEASING = YES;
				CLANG_WARN_BOOL_CONVERSION = YES;
				CLANG_WARN_COMMA = YES;
				CLANG_WARN_CONSTANT_CONVERSION = YES;
				CLANG_WARN_DEPRECATED_OBJC_IMPLEMENTATIONS = YES;
				CLANG_WARN_DIRECT_OBJC_ISA_USAGE = YES_ERROR;
				CLANG_WARN_DOCUMENTATION_COMMENTS = YES;
				CLANG_WARN_EMPTY_BODY = YES;
				CLANG_WARN_ENUM_CONVERSION = YES;
				CLANG_WARN_INFINITE_RECURSION = YES;
				CLANG_WARN_INT_CONVERSION = YES;
				CLANG_WARN_NON_LITERAL_NULL_CONVERSION = YES;
				CLANG_WARN_OBJC_IMPLICIT_RETAIN_SELF = YES;
				CLANG_WARN_OBJC_LITERAL_CONVERSION = YES;
				CLANG_WARN_OBJC_ROOT_CLASS = YES_ERROR;
				CLANG_WARN_RANGE_LOOP_ANALYSIS = YES;
				CLANG_WARN_STRICT_PROTOTYPES = YES;
				CLANG_WARN_SUSPICIOUS_MOVE = YES;
				CLANG_WARN_UNGUARDED_AVAILABILITY = YES_AGGRESSIVE;
				CLANG_WARN_UNREACHABLE_CODE = YES;
				CLANG_WARN__DUPLICATE_METHOD_MATCH = YES;
				CODE_SIGN_IDENTITY = "iPhone Developer";
				COPY_PHASE_STRIP = NO;
				DEBUG_INFORMATION_FORMAT = "dwarf-with-dsym";
				ENABLE_NS_ASSERTIONS = NO;
				ENABLE_STRICT_OBJC_MSGSEND = YES;
				GCC_C_LANGUAGE_STANDARD = gnu11;
				GCC_NO_COMMON_BLOCKS = YES;
				GCC_WARN_64_TO_32_BIT_CONVERSION = YES;
				GCC_WARN_ABOUT_RETURN_TYPE = YES_ERROR;
				GCC_WARN_UNDECLARED_SELECTOR = YES;
				GCC_WARN_UNINITIALIZED_AUTOS = YES_AGGRESSIVE;
				GCC_WARN_UNUSED_FUNCTION = YES;
				GCC_WARN_UNUSED_VARIABLE = YES;
				IPHONEOS_DEPLOYMENT_TARGET = 12.4;
				MTL_ENABLE_DEBUG_INFO = NO;
				MTL_FAST_MATH = YES;
				SDKROOT = iphoneos;
				SWIFT_COMPILATION_MODE = wholemodule;
				SWIFT_OPTIMIZATION_LEVEL = "-O";
				VALIDATE_PRODUCT = YES;
			};
			name = Release;
		};
		83E48BFF232D4F670057A63D /* Debug */ = {
			isa = XCBuildConfiguration;
			buildSettings = {
				ASSETCATALOG_COMPILER_APPICON_NAME = AppIcon;
				CODE_SIGN_STYLE = Automatic;
				DEVELOPMENT_TEAM = FUSCCWMV2Y;
				INFOPLIST_FILE = mirge/Info.plist;
				LD_RUNPATH_SEARCH_PATHS = (
					"$(inherited)",
					"@executable_path/Frameworks",
				);
				PRODUCT_BUNDLE_IDENTIFIER = com.yousef.storything.mirge;
				PRODUCT_NAME = "$(TARGET_NAME)";
				SWIFT_VERSION = 5.0;
				TARGETED_DEVICE_FAMILY = "1,2";
			};
			name = Debug;
		};
		83E48C00232D4F670057A63D /* Release */ = {
			isa = XCBuildConfiguration;
			buildSettings = {
				ASSETCATALOG_COMPILER_APPICON_NAME = AppIcon;
				CODE_SIGN_STYLE = Automatic;
				DEVELOPMENT_TEAM = FUSCCWMV2Y;
				INFOPLIST_FILE = mirge/Info.plist;
				LD_RUNPATH_SEARCH_PATHS = (
					"$(inherited)",
					"@executable_path/Frameworks",
				);
				PRODUCT_BUNDLE_IDENTIFIER = com.yousef.storything.mirge;
				PRODUCT_NAME = "$(TARGET_NAME)";
				SWIFT_VERSION = 5.0;
				TARGETED_DEVICE_FAMILY = "1,2";
			};
			name = Release;
		};
/* End XCBuildConfiguration section */

/* Begin XCConfigurationList section */
		83E48BE4232D4F660057A63D /* Build configuration list for PBXProject "mirge" */ = {
			isa = XCConfigurationList;
			buildConfigurations = (
				83E48BFC232D4F670057A63D /* Debug */,
				83E48BFD232D4F670057A63D /* Release */,
			);
			defaultConfigurationIsVisible = 0;
			defaultConfigurationName = Release;
		};
		83E48BFE232D4F670057A63D /* Build configuration list for PBXNativeTarget "mirge" */ = {
			isa = XCConfigurationList;
			buildConfigurations = (
				83E48BFF232D4F670057A63D /* Debug */,
				83E48C00232D4F670057A63D /* Release */,
			);
			defaultConfigurationIsVisible = 0;
			defaultConfigurationName = Release;
		};
/* End XCConfigurationList section */

/* Begin XCVersionGroup section */
		83E48BF3232D4F660057A63D /* mirge.xcdatamodeld */ = {
			isa = XCVersionGroup;
			children = (
				83E48BF4232D4F660057A63D /* mirge.xcdatamodel */,
			);
			currentVersion = 83E48BF4232D4F660057A63D /* mirge.xcdatamodel */;
			path = mirge.xcdatamodeld;
			sourceTree = "<group>";
			versionGroupType = wrapper.xcdatamodel;
		};
/* End XCVersionGroup section */
	};
	rootObject = 83E48BE1232D4F660057A63D /* Project object */;
}
